
Microsoft Visual Studio Solution File, Format Version 12.00
# Visual Studio Version 17
VisualStudioVersion = 17.1.31911.260
MinimumVisualStudioVersion = 10.0.40219.1
Project("{9A19103F-16F7-4668-BE54-9A1E7A4F7556}") = "Azure.Identity.Samples", "Azure.Identity.Samples\Azure.Identity.Samples.csproj", "{65343356-3B4F-41D3-902F-84951D5B7EBA}"
EndProject
Project("{9A19103F-16F7-4668-BE54-9A1E7A4F7556}") = "FuncAppToStorageAccountsRBAC", "FuncAppToStorageAccountsRBAC\FuncAppToStorageAccountsRBAC.csproj", "{F1AC1D1D-C565-4152-B93B-778DE6216319}"
EndProject
Project("{2150E333-8FDC-42A3-9474-1A3956D46DE8}") = "Storage Accounts", "Storage Accounts", "{3660702F-2C5D-44FE-8AFA-B442155C0E1B}"
EndProject
Project("{2150E333-8FDC-42A3-9474-1A3956D46DE8}") = "EventGrid", "EventGrid", "{733F967A-82FC-46B4-8CFA-1731F392002A}"
	ProjectSection(SolutionItems) = preProject
		..\..\..\Payment Azure\rbac.jpg = ..\..\..\Payment Azure\rbac.jpg
	EndProjectSection
EndProject
Project("{9A19103F-16F7-4668-BE54-9A1E7A4F7556}") = "SendToEventGrid", "SendToEventGrid\SendToEventGrid.csproj", "{77D3E2FE-6220-44B0-8FAA-242629AB6B41}"
EndProject
Project("{9A19103F-16F7-4668-BE54-9A1E7A4F7556}") = "CustomTopicReceiver", "CustomTopicReceiver\CustomTopicReceiver.csproj", "{DA824684-77AE-49C1-815D-08B6AD65EFB0}"
EndProject
Project("{2150E333-8FDC-42A3-9474-1A3956D46DE8}") = "AzureFunctions and Managed Identities", "AzureFunctions and Managed Identities", "{1EC1AA75-E3D9-4452-9A82-A54D9D9FD7F4}"
EndProject
Project("{2150E333-8FDC-42A3-9474-1A3956D46DE8}") = "ServiceBusMSI", "ServiceBusMSI", "{F9B166AE-D4B3-4171-800D-4E4F067836C1}"
EndProject
Project("{2150E333-8FDC-42A3-9474-1A3956D46DE8}") = "Sender", "Sender", "{3E2D1792-0D4B-461D-926A-306203BBBFB8}"
EndProject
Project("{2150E333-8FDC-42A3-9474-1A3956D46DE8}") = "Reciever", "Reciever", "{0545C236-2CA6-46D6-8B9C-C17BE8AD600D}"
EndProject
Project("{FAE04EC0-301F-11D3-BF4B-00C04F79EFBC}") = "ServiceBusSenderFunc", "ServiceBusSenderFunc\ServiceBusSenderFunc.csproj", "{2B035E3B-BACB-4442-BDF9-1DD485AC0BC5}"
EndProject
Global
	GlobalSection(SolutionConfigurationPlatforms) = preSolution
		Debug|Any CPU = Debug|Any CPU
		Release|Any CPU = Release|Any CPU
	EndGlobalSection
	GlobalSection(ProjectConfigurationPlatforms) = postSolution
		{65343356-3B4F-41D3-902F-84951D5B7EBA}.Debug|Any CPU.ActiveCfg = Debug|Any CPU
		{65343356-3B4F-41D3-902F-84951D5B7EBA}.Debug|Any CPU.Build.0 = Debug|Any CPU
		{65343356-3B4F-41D3-902F-84951D5B7EBA}.Release|Any CPU.ActiveCfg = Release|Any CPU
		{65343356-3B4F-41D3-902F-84951D5B7EBA}.Release|Any CPU.Build.0 = Release|Any CPU
		{F1AC1D1D-C565-4152-B93B-778DE6216319}.Debug|Any CPU.ActiveCfg = Debug|Any CPU
		{F1AC1D1D-C565-4152-B93B-778DE6216319}.Debug|Any CPU.Build.0 = Debug|Any CPU
		{F1AC1D1D-C565-4152-B93B-778DE6216319}.Release|Any CPU.ActiveCfg = Release|Any CPU
		{F1AC1D1D-C565-4152-B93B-778DE6216319}.Release|Any CPU.Build.0 = Release|Any CPU
		{77D3E2FE-6220-44B0-8FAA-242629AB6B41}.Debug|Any CPU.ActiveCfg = Debug|Any CPU
		{77D3E2FE-6220-44B0-8FAA-242629AB6B41}.Debug|Any CPU.Build.0 = Debug|Any CPU
		{77D3E2FE-6220-44B0-8FAA-242629AB6B41}.Release|Any CPU.ActiveCfg = Release|Any CPU
		{77D3E2FE-6220-44B0-8FAA-242629AB6B41}.Release|Any CPU.Build.0 = Release|Any CPU
		{DA824684-77AE-49C1-815D-08B6AD65EFB0}.Debug|Any CPU.ActiveCfg = Debug|Any CPU
		{DA824684-77AE-49C1-815D-08B6AD65EFB0}.Debug|Any CPU.Build.0 = Debug|Any CPU
		{DA824684-77AE-49C1-815D-08B6AD65EFB0}.Release|Any CPU.ActiveCfg = Release|Any CPU
		{DA824684-77AE-49C1-815D-08B6AD65EFB0}.Release|Any CPU.Build.0 = Release|Any CPU
		{2B035E3B-BACB-4442-BDF9-1DD485AC0BC5}.Debug|Any CPU.ActiveCfg = Debug|Any CPU
		{2B035E3B-BACB-4442-BDF9-1DD485AC0BC5}.Debug|Any CPU.Build.0 = Debug|Any CPU
		{2B035E3B-BACB-4442-BDF9-1DD485AC0BC5}.Release|Any CPU.ActiveCfg = Release|Any CPU
		{2B035E3B-BACB-4442-BDF9-1DD485AC0BC5}.Release|Any CPU.Build.0 = Release|Any CPU
	EndGlobalSection
	GlobalSection(SolutionProperties) = preSolution
		HideSolutionNode = FALSE
	EndGlobalSection
	GlobalSection(NestedProjects) = preSolution
		{F1AC1D1D-C565-4152-B93B-778DE6216319} = {3660702F-2C5D-44FE-8AFA-B442155C0E1B}
		{77D3E2FE-6220-44B0-8FAA-242629AB6B41} = {733F967A-82FC-46B4-8CFA-1731F392002A}
		{DA824684-77AE-49C1-815D-08B6AD65EFB0} = {733F967A-82FC-46B4-8CFA-1731F392002A}
		{F9B166AE-D4B3-4171-800D-4E4F067836C1} = {1EC1AA75-E3D9-4452-9A82-A54D9D9FD7F4}
		{3E2D1792-0D4B-461D-926A-306203BBBFB8} = {F9B166AE-D4B3-4171-800D-4E4F067836C1}
		{0545C236-2CA6-46D6-8B9C-C17BE8AD600D} = {F9B166AE-D4B3-4171-800D-4E4F067836C1}
		{2B035E3B-BACB-4442-BDF9-1DD485AC0BC5} = {3E2D1792-0D4B-461D-926A-306203BBBFB8}
	EndGlobalSection
	GlobalSection(ExtensibilityGlobals) = postSolution
		SolutionGuid = {B3B95D6A-52A5-4D22-BC53-93A3F0158A62}
	EndGlobalSection
EndGlobal
